// !$*UTF8*$!
{
	archiveVersion = 1;
	classes = {
	};
	objectVersion = 50;
	objects = {

/* Begin PBXBuildFile section */
		10849C34225613C0009FC0F2 /* AppDelegate.swift in Sources */ = {isa = PBXBuildFile; fileRef = 10849C33225613C0009FC0F2 /* AppDelegate.swift */; };
		10849C36225613C0009FC0F2 /* UsersViewController.swift in Sources */ = {isa = PBXBuildFile; fileRef = 10849C35225613C0009FC0F2 /* UsersViewController.swift */; };
		10849C39225613C0009FC0F2 /* Main.storyboard in Resources */ = {isa = PBXBuildFile; fileRef = 10849C37225613C0009FC0F2 /* Main.storyboard */; };
		10849C3B225613C1009FC0F2 /* Assets.xcassets in Resources */ = {isa = PBXBuildFile; fileRef = 10849C3A225613C1009FC0F2 /* Assets.xcassets */; };
		10849C3E225613C1009FC0F2 /* LaunchScreen.storyboard in Resources */ = {isa = PBXBuildFile; fileRef = 10849C3C225613C1009FC0F2 /* LaunchScreen.storyboard */; };
		10849C49225613C1009FC0F2 /* MoyaTests.swift in Sources */ = {isa = PBXBuildFile; fileRef = 10849C48225613C1009FC0F2 /* MoyaTests.swift */; };
		10849C54225613C1009FC0F2 /* MoyaUITests.swift in Sources */ = {isa = PBXBuildFile; fileRef = 10849C53225613C1009FC0F2 /* MoyaUITests.swift */; };
		10849C6B225616C4009FC0F2 /* User.swift in Sources */ = {isa = PBXBuildFile; fileRef = 10849C6A225616C4009FC0F2 /* User.swift */; };
		10849C6D225619B2009FC0F2 /* UsersInteractor.swift in Sources */ = {isa = PBXBuildFile; fileRef = 10849C6C225619B2009FC0F2 /* UsersInteractor.swift */; };
		10849C6F225619BC009FC0F2 /* UsersPresenter.swift in Sources */ = {isa = PBXBuildFile; fileRef = 10849C6E225619BC009FC0F2 /* UsersPresenter.swift */; };
		10849C71225619D2009FC0F2 /* UsersRouter.swift in Sources */ = {isa = PBXBuildFile; fileRef = 10849C70225619D2009FC0F2 /* UsersRouter.swift */; };
		10849C73225619E2009FC0F2 /* UsersProtocol.swift in Sources */ = {isa = PBXBuildFile; fileRef = 10849C72225619E2009FC0F2 /* UsersProtocol.swift */; };
		28454EA6EF8BBA23FAC1C4CC /* Pods_Moya.framework in Frameworks */ = {isa = PBXBuildFile; fileRef = 6F4E9715A2C3CB32DDF69395 /* Pods_Moya.framework */; };
		9F90084E29348EAEFB671CC5 /* Pods_MoyaUITests.framework in Frameworks */ = {isa = PBXBuildFile; fileRef = E1F2227282CE2E01C1F7A64D /* Pods_MoyaUITests.framework */; };
		CA326C6FFDBB14D76C1191AF /* Pods_MoyaTests.framework in Frameworks */ = {isa = PBXBuildFile; fileRef = 54B68C35FF8DB655CCC75D3F /* Pods_MoyaTests.framework */; };
/* End PBXBuildFile section */

/* Begin PBXContainerItemProxy section */
		10849C45225613C1009FC0F2 /* PBXContainerItemProxy */ = {
			isa = PBXContainerItemProxy;
			containerPortal = 10849C28225613BF009FC0F2 /* Project object */;
			proxyType = 1;
			remoteGlobalIDString = 10849C2F225613C0009FC0F2;
			remoteInfo = Moya;
		};
		10849C50225613C1009FC0F2 /* PBXContainerItemProxy */ = {
			isa = PBXContainerItemProxy;
			containerPortal = 10849C28225613BF009FC0F2 /* Project object */;
			proxyType = 1;
			remoteGlobalIDString = 10849C2F225613C0009FC0F2;
			remoteInfo = Moya;
		};
/* End PBXContainerItemProxy section */

/* Begin PBXFileReference section */
		10849C30225613C0009FC0F2 /* Moya.app */ = {isa = PBXFileReference; explicitFileType = wrapper.application; includeInIndex = 0; path = Moya.app; sourceTree = BUILT_PRODUCTS_DIR; };
		10849C33225613C0009FC0F2 /* AppDelegate.swift */ = {isa = PBXFileReference; lastKnownFileType = sourcecode.swift; path = AppDelegate.swift; sourceTree = "<group>"; };
		10849C35225613C0009FC0F2 /* UsersViewController.swift */ = {isa = PBXFileReference; lastKnownFileType = sourcecode.swift; path = UsersViewController.swift; sourceTree = "<group>"; };
		10849C38225613C0009FC0F2 /* Base */ = {isa = PBXFileReference; lastKnownFileType = file.storyboard; name = Base; path = Base.lproj/Main.storyboard; sourceTree = "<group>"; };
		10849C3A225613C1009FC0F2 /* Assets.xcassets */ = {isa = PBXFileReference; lastKnownFileType = folder.assetcatalog; path = Assets.xcassets; sourceTree = "<group>"; };
		10849C3D225613C1009FC0F2 /* Base */ = {isa = PBXFileReference; lastKnownFileType = file.storyboard; name = Base; path = Base.lproj/LaunchScreen.storyboard; sourceTree = "<group>"; };
		10849C3F225613C1009FC0F2 /* Info.plist */ = {isa = PBXFileReference; lastKnownFileType = text.plist.xml; path = Info.plist; sourceTree = "<group>"; };
		10849C44225613C1009FC0F2 /* MoyaTests.xctest */ = {isa = PBXFileReference; explicitFileType = wrapper.cfbundle; includeInIndex = 0; path = MoyaTests.xctest; sourceTree = BUILT_PRODUCTS_DIR; };
		10849C48225613C1009FC0F2 /* MoyaTests.swift */ = {isa = PBXFileReference; lastKnownFileType = sourcecode.swift; path = MoyaTests.swift; sourceTree = "<group>"; };
		10849C4A225613C1009FC0F2 /* Info.plist */ = {isa = PBXFileReference; lastKnownFileType = text.plist.xml; path = Info.plist; sourceTree = "<group>"; };
		10849C4F225613C1009FC0F2 /* MoyaUITests.xctest */ = {isa = PBXFileReference; explicitFileType = wrapper.cfbundle; includeInIndex = 0; path = MoyaUITests.xctest; sourceTree = BUILT_PRODUCTS_DIR; };
		10849C53225613C1009FC0F2 /* MoyaUITests.swift */ = {isa = PBXFileReference; lastKnownFileType = sourcecode.swift; path = MoyaUITests.swift; sourceTree = "<group>"; };
		10849C55225613C1009FC0F2 /* Info.plist */ = {isa = PBXFileReference; lastKnownFileType = text.plist.xml; path = Info.plist; sourceTree = "<group>"; };
		10849C6A225616C4009FC0F2 /* User.swift */ = {isa = PBXFileReference; lastKnownFileType = sourcecode.swift; path = User.swift; sourceTree = "<group>"; };
		10849C6C225619B2009FC0F2 /* UsersInteractor.swift */ = {isa = PBXFileReference; lastKnownFileType = sourcecode.swift; path = UsersInteractor.swift; sourceTree = "<group>"; };
		10849C6E225619BC009FC0F2 /* UsersPresenter.swift */ = {isa = PBXFileReference; lastKnownFileType = sourcecode.swift; path = UsersPresenter.swift; sourceTree = "<group>"; };
		10849C70225619D2009FC0F2 /* UsersRouter.swift */ = {isa = PBXFileReference; lastKnownFileType = sourcecode.swift; path = UsersRouter.swift; sourceTree = "<group>"; };
		10849C72225619E2009FC0F2 /* UsersProtocol.swift */ = {isa = PBXFileReference; lastKnownFileType = sourcecode.swift; path = UsersProtocol.swift; sourceTree = "<group>"; };
		1DE90DBDE1F74FB588684DC8 /* Pods-Moya.release.xcconfig */ = {isa = PBXFileReference; includeInIndex = 1; lastKnownFileType = text.xcconfig; name = "Pods-Moya.release.xcconfig"; path = "Pods/Target Support Files/Pods-Moya/Pods-Moya.release.xcconfig"; sourceTree = "<group>"; };
		395127E3B1F0F6C0BFA421B8 /* Pods-MoyaTests.debug.xcconfig */ = {isa = PBXFileReference; includeInIndex = 1; lastKnownFileType = text.xcconfig; name = "Pods-MoyaTests.debug.xcconfig"; path = "Pods/Target Support Files/Pods-MoyaTests/Pods-MoyaTests.debug.xcconfig"; sourceTree = "<group>"; };
		446A1F40DC1DD7D457B802E5 /* Pods-MoyaTests.release.xcconfig */ = {isa = PBXFileReference; includeInIndex = 1; lastKnownFileType = text.xcconfig; name = "Pods-MoyaTests.release.xcconfig"; path = "Pods/Target Support Files/Pods-MoyaTests/Pods-MoyaTests.release.xcconfig"; sourceTree = "<group>"; };
		54B68C35FF8DB655CCC75D3F /* Pods_MoyaTests.framework */ = {isa = PBXFileReference; explicitFileType = wrapper.framework; includeInIndex = 0; path = Pods_MoyaTests.framework; sourceTree = BUILT_PRODUCTS_DIR; };
		6F4E9715A2C3CB32DDF69395 /* Pods_Moya.framework */ = {isa = PBXFileReference; explicitFileType = wrapper.framework; includeInIndex = 0; path = Pods_Moya.framework; sourceTree = BUILT_PRODUCTS_DIR; };
		89127ADACB377DF28AFC9FAE /* Pods-MoyaUITests.release.xcconfig */ = {isa = PBXFileReference; includeInIndex = 1; lastKnownFileType = text.xcconfig; name = "Pods-MoyaUITests.release.xcconfig"; path = "Pods/Target Support Files/Pods-MoyaUITests/Pods-MoyaUITests.release.xcconfig"; sourceTree = "<group>"; };
		8CCE7CD43909103374D2D8FC /* Pods-Moya.debug.xcconfig */ = {isa = PBXFileReference; includeInIndex = 1; lastKnownFileType = text.xcconfig; name = "Pods-Moya.debug.xcconfig"; path = "Pods/Target Support Files/Pods-Moya/Pods-Moya.debug.xcconfig"; sourceTree = "<group>"; };
		DEE4E7D55D14E6DA2057CDC8 /* Pods-MoyaUITests.debug.xcconfig */ = {isa = PBXFileReference; includeInIndex = 1; lastKnownFileType = text.xcconfig; name = "Pods-MoyaUITests.debug.xcconfig"; path = "Pods/Target Support Files/Pods-MoyaUITests/Pods-MoyaUITests.debug.xcconfig"; sourceTree = "<group>"; };
		E1F2227282CE2E01C1F7A64D /* Pods_MoyaUITests.framework */ = {isa = PBXFileReference; explicitFileType = wrapper.framework; includeInIndex = 0; path = Pods_MoyaUITests.framework; sourceTree = BUILT_PRODUCTS_DIR; };
/* End PBXFileReference section */

/* Begin PBXFrameworksBuildPhase section */
		10849C2D225613C0009FC0F2 /* Frameworks */ = {
			isa = PBXFrameworksBuildPhase;
			buildActionMask = 2147483647;
			files = (
				28454EA6EF8BBA23FAC1C4CC /* Pods_Moya.framework in Frameworks */,
			);
			runOnlyForDeploymentPostprocessing = 0;
		};
		10849C41225613C1009FC0F2 /* Frameworks */ = {
			isa = PBXFrameworksBuildPhase;
			buildActionMask = 2147483647;
			files = (
				CA326C6FFDBB14D76C1191AF /* Pods_MoyaTests.framework in Frameworks */,
			);
			runOnlyForDeploymentPostprocessing = 0;
		};
		10849C4C225613C1009FC0F2 /* Frameworks */ = {
			isa = PBXFrameworksBuildPhase;
			buildActionMask = 2147483647;
			files = (
				9F90084E29348EAEFB671CC5 /* Pods_MoyaUITests.framework in Frameworks */,
			);
			runOnlyForDeploymentPostprocessing = 0;
		};
/* End PBXFrameworksBuildPhase section */

/* Begin PBXGroup section */
		10849C27225613BF009FC0F2 = {
			isa = PBXGroup;
			children = (
				10849C32225613C0009FC0F2 /* Moya */,
				10849C47225613C1009FC0F2 /* MoyaTests */,
				10849C52225613C1009FC0F2 /* MoyaUITests */,
				10849C31225613C0009FC0F2 /* Products */,
				2FF94F6D4AB2497DD7FD83B6 /* Pods */,
				8F957CAA2941A44C80D31570 /* Frameworks */,
			);
			sourceTree = "<group>";
		};
		10849C31225613C0009FC0F2 /* Products */ = {
			isa = PBXGroup;
			children = (
				10849C30225613C0009FC0F2 /* Moya.app */,
				10849C44225613C1009FC0F2 /* MoyaTests.xctest */,
				10849C4F225613C1009FC0F2 /* MoyaUITests.xctest */,
			);
			name = Products;
			sourceTree = "<group>";
		};
		10849C32225613C0009FC0F2 /* Moya */ = {
			isa = PBXGroup;
			children = (
				10849C612256157B009FC0F2 /* Users */,
				10849C33225613C0009FC0F2 /* AppDelegate.swift */,
				10849C37225613C0009FC0F2 /* Main.storyboard */,
				10849C3A225613C1009FC0F2 /* Assets.xcassets */,
				10849C3C225613C1009FC0F2 /* LaunchScreen.storyboard */,
				10849C3F225613C1009FC0F2 /* Info.plist */,
			);
			path = Moya;
			sourceTree = "<group>";
		};
		10849C47225613C1009FC0F2 /* MoyaTests */ = {
			isa = PBXGroup;
			children = (
				10849C48225613C1009FC0F2 /* MoyaTests.swift */,
				10849C4A225613C1009FC0F2 /* Info.plist */,
			);
			path = MoyaTests;
			sourceTree = "<group>";
		};
		10849C52225613C1009FC0F2 /* MoyaUITests */ = {
			isa = PBXGroup;
			children = (
				10849C53225613C1009FC0F2 /* MoyaUITests.swift */,
				10849C55225613C1009FC0F2 /* Info.plist */,
			);
			path = MoyaUITests;
			sourceTree = "<group>";
		};
		10849C612256157B009FC0F2 /* Users */ = {
			isa = PBXGroup;
			children = (
				10849C69225615E2009FC0F2 /* View */,
				10849C67225615AC009FC0F2 /* Interactor */,
				10849C66225615A6009FC0F2 /* Presenter */,
				10849C652256159F009FC0F2 /* Entity */,
				10849C68225615C5009FC0F2 /* Router */,
				10849C6422561599009FC0F2 /* Protocols */,
			);
			path = Users;
			sourceTree = "<group>";
		};
		10849C6422561599009FC0F2 /* Protocols */ = {
			isa = PBXGroup;
			children = (
				10849C72225619E2009FC0F2 /* UsersProtocol.swift */,
			);
			path = Protocols;
			sourceTree = "<group>";
		};
		10849C652256159F009FC0F2 /* Entity */ = {
			isa = PBXGroup;
			children = (
				10849C6A225616C4009FC0F2 /* User.swift */,
			);
			path = Entity;
			sourceTree = "<group>";
		};
		10849C66225615A6009FC0F2 /* Presenter */ = {
			isa = PBXGroup;
			children = (
				10849C6E225619BC009FC0F2 /* UsersPresenter.swift */,
			);
			path = Presenter;
			sourceTree = "<group>";
		};
		10849C67225615AC009FC0F2 /* Interactor */ = {
			isa = PBXGroup;
			children = (
				10849C6C225619B2009FC0F2 /* UsersInteractor.swift */,
			);
			path = Interactor;
			sourceTree = "<group>";
		};
		10849C68225615C5009FC0F2 /* Router */ = {
			isa = PBXGroup;
			children = (
				10849C70225619D2009FC0F2 /* UsersRouter.swift */,
			);
			path = Router;
			sourceTree = "<group>";
		};
		10849C69225615E2009FC0F2 /* View */ = {
			isa = PBXGroup;
			children = (
				10849C35225613C0009FC0F2 /* UsersViewController.swift */,
			);
			path = View;
			sourceTree = "<group>";
		};
		2FF94F6D4AB2497DD7FD83B6 /* Pods */ = {
			isa = PBXGroup;
			children = (
				8CCE7CD43909103374D2D8FC /* Pods-Moya.debug.xcconfig */,
				1DE90DBDE1F74FB588684DC8 /* Pods-Moya.release.xcconfig */,
				395127E3B1F0F6C0BFA421B8 /* Pods-MoyaTests.debug.xcconfig */,
				446A1F40DC1DD7D457B802E5 /* Pods-MoyaTests.release.xcconfig */,
				DEE4E7D55D14E6DA2057CDC8 /* Pods-MoyaUITests.debug.xcconfig */,
				89127ADACB377DF28AFC9FAE /* Pods-MoyaUITests.release.xcconfig */,
			);
			name = Pods;
			sourceTree = "<group>";
		};
		8F957CAA2941A44C80D31570 /* Frameworks */ = {
			isa = PBXGroup;
			children = (
				6F4E9715A2C3CB32DDF69395 /* Pods_Moya.framework */,
				54B68C35FF8DB655CCC75D3F /* Pods_MoyaTests.framework */,
				E1F2227282CE2E01C1F7A64D /* Pods_MoyaUITests.framework */,
			);
			name = Frameworks;
			sourceTree = "<group>";
		};
/* End PBXGroup section */

/* Begin PBXNativeTarget section */
		10849C2F225613C0009FC0F2 /* Moya */ = {
			isa = PBXNativeTarget;
			buildConfigurationList = 10849C58225613C1009FC0F2 /* Build configuration list for PBXNativeTarget "Moya" */;
			buildPhases = (
				B638FDB98F1A3A5951DEEC78 /* [CP] Check Pods Manifest.lock */,
				10849C2C225613C0009FC0F2 /* Sources */,
				10849C2D225613C0009FC0F2 /* Frameworks */,
				10849C2E225613C0009FC0F2 /* Resources */,
			);
			buildRules = (
			);
			dependencies = (
			);
			name = Moya;
			productName = Moya;
			productReference = 10849C30225613C0009FC0F2 /* Moya.app */;
			productType = "com.apple.product-type.application";
		};
		10849C43225613C1009FC0F2 /* MoyaTests */ = {
			isa = PBXNativeTarget;
			buildConfigurationList = 10849C5B225613C1009FC0F2 /* Build configuration list for PBXNativeTarget "MoyaTests" */;
			buildPhases = (
				BD0B104863DEEF3B28713CF6 /* [CP] Check Pods Manifest.lock */,
				10849C40225613C1009FC0F2 /* Sources */,
				10849C41225613C1009FC0F2 /* Frameworks */,
				10849C42225613C1009FC0F2 /* Resources */,
			);
			buildRules = (
			);
			dependencies = (
				10849C46225613C1009FC0F2 /* PBXTargetDependency */,
			);
			name = MoyaTests;
			productName = MoyaTests;
			productReference = 10849C44225613C1009FC0F2 /* MoyaTests.xctest */;
			productType = "com.apple.product-type.bundle.unit-test";
		};
		10849C4E225613C1009FC0F2 /* MoyaUITests */ = {
			isa = PBXNativeTarget;
			buildConfigurationList = 10849C5E225613C1009FC0F2 /* Build configuration list for PBXNativeTarget "MoyaUITests" */;
			buildPhases = (
				3F76A82CFC28604D7E0431E4 /* [CP] Check Pods Manifest.lock */,
				10849C4B225613C1009FC0F2 /* Sources */,
				10849C4C225613C1009FC0F2 /* Frameworks */,
				10849C4D225613C1009FC0F2 /* Resources */,
			);
			buildRules = (
			);
			dependencies = (
				10849C51225613C1009FC0F2 /* PBXTargetDependency */,
			);
			name = MoyaUITests;
			productName = MoyaUITests;
			productReference = 10849C4F225613C1009FC0F2 /* MoyaUITests.xctest */;
			productType = "com.apple.product-type.bundle.ui-testing";
		};
/* End PBXNativeTarget section */

/* Begin PBXProject section */
		10849C28225613BF009FC0F2 /* Project object */ = {
			isa = PBXProject;
			attributes = {
				LastSwiftUpdateCheck = 1020;
				LastUpgradeCheck = 1020;
				ORGANIZATIONNAME = "Samarth Paboowal";
				TargetAttributes = {
					10849C2F225613C0009FC0F2 = {
						CreatedOnToolsVersion = 10.2;
					};
					10849C43225613C1009FC0F2 = {
						CreatedOnToolsVersion = 10.2;
						TestTargetID = 10849C2F225613C0009FC0F2;
					};
					10849C4E225613C1009FC0F2 = {
						CreatedOnToolsVersion = 10.2;
						TestTargetID = 10849C2F225613C0009FC0F2;
					};
				};
			};
			buildConfigurationList = 10849C2B225613BF009FC0F2 /* Build configuration list for PBXProject "Moya" */;
			compatibilityVersion = "Xcode 9.3";
			developmentRegion = en;
			hasScannedForEncodings = 0;
			knownRegions = (
				en,
				Base,
			);
			mainGroup = 10849C27225613BF009FC0F2;
			productRefGroup = 10849C31225613C0009FC0F2 /* Products */;
			projectDirPath = "";
			projectRoot = "";
			targets = (
				10849C2F225613C0009FC0F2 /* Moya */,
				10849C43225613C1009FC0F2 /* MoyaTests */,
				10849C4E225613C1009FC0F2 /* MoyaUITests */,
			);
		};
/* End PBXProject section */

/* Begin PBXResourcesBuildPhase section */
		10849C2E225613C0009FC0F2 /* Resources */ = {
			isa = PBXResourcesBuildPhase;
			buildActionMask = 2147483647;
			files = (
				10849C3E225613C1009FC0F2 /* LaunchScreen.storyboard in Resources */,
				10849C3B225613C1009FC0F2 /* Assets.xcassets in Resources */,
				10849C39225613C0009FC0F2 /* Main.storyboard in Resources */,
			);
			runOnlyForDeploymentPostprocessing = 0;
		};
		10849C42225613C1009FC0F2 /* Resources */ = {
			isa = PBXResourcesBuildPhase;
			buildActionMask = 2147483647;
			files = (
			);
			runOnlyForDeploymentPostprocessing = 0;
		};
		10849C4D225613C1009FC0F2 /* Resources */ = {
			isa = PBXResourcesBuildPhase;
			buildActionMask = 2147483647;
			files = (
			);
			runOnlyForDeploymentPostprocessing = 0;
		};
/* End PBXResourcesBuildPhase section */

/* Begin PBXShellScriptBuildPhase section */
		3F76A82CFC28604D7E0431E4 /* [CP] Check Pods Manifest.lock */ = {
			isa = PBXShellScriptBuildPhase;
			buildActionMask = 2147483647;
			files = (
			);
			inputPaths = (
				"${PODS_PODFILE_DIR_PATH}/Podfile.lock",
				"${PODS_ROOT}/Manifest.lock",
			);
			name = "[CP] Check Pods Manifest.lock";
			outputPaths = (
				"$(DERIVED_FILE_DIR)/Pods-MoyaUITests-checkManifestLockResult.txt",
			);
			runOnlyForDeploymentPostprocessing = 0;
			shellPath = /bin/sh;
			shellScript = "diff \"${PODS_PODFILE_DIR_PATH}/Podfile.lock\" \"${PODS_ROOT}/Manifest.lock\" > /dev/null\nif [ $? != 0 ] ; then\n    # print error to STDERR\n    echo \"error: The sandbox is not in sync with the Podfile.lock. Run 'pod install' or update your CocoaPods installation.\" >&2\n    exit 1\nfi\n# This output is used by Xcode 'outputs' to avoid re-running this script phase.\necho \"SUCCESS\" > \"${SCRIPT_OUTPUT_FILE_0}\"\n";
			showEnvVarsInLog = 0;
		};
		B638FDB98F1A3A5951DEEC78 /* [CP] Check Pods Manifest.lock */ = {
			isa = PBXShellScriptBuildPhase;
			buildActionMask = 2147483647;
			files = (
			);
			inputPaths = (
				"${PODS_PODFILE_DIR_PATH}/Podfile.lock",
				"${PODS_ROOT}/Manifest.lock",
			);
			name = "[CP] Check Pods Manifest.lock";
			outputPaths = (
				"$(DERIVED_FILE_DIR)/Pods-Moya-checkManifestLockResult.txt",
			);
			runOnlyForDeploymentPostprocessing = 0;
			shellPath = /bin/sh;
			shellScript = "diff \"${PODS_PODFILE_DIR_PATH}/Podfile.lock\" \"${PODS_ROOT}/Manifest.lock\" > /dev/null\nif [ $? != 0 ] ; then\n    # print error to STDERR\n    echo \"error: The sandbox is not in sync with the Podfile.lock. Run 'pod install' or update your CocoaPods installation.\" >&2\n    exit 1\nfi\n# This output is used by Xcode 'outputs' to avoid re-running this script phase.\necho \"SUCCESS\" > \"${SCRIPT_OUTPUT_FILE_0}\"\n";
			showEnvVarsInLog = 0;
		};
		BD0B104863DEEF3B28713CF6 /* [CP] Check Pods Manifest.lock */ = {
			isa = PBXShellScriptBuildPhase;
			buildActionMask = 2147483647;
			files = (
			);
			inputPaths = (
				"${PODS_PODFILE_DIR_PATH}/Podfile.lock",
				"${PODS_ROOT}/Manifest.lock",
			);
			name = "[CP] Check Pods Manifest.lock";
			outputPaths = (
				"$(DERIVED_FILE_DIR)/Pods-MoyaTests-checkManifestLockResult.txt",
			);
			runOnlyForDeploymentPostprocessing = 0;
			shellPath = /bin/sh;
			shellScript = "diff \"${PODS_PODFILE_DIR_PATH}/Podfile.lock\" \"${PODS_ROOT}/Manifest.lock\" > /dev/null\nif [ $? != 0 ] ; then\n    # print error to STDERR\n    echo \"error: The sandbox is not in sync with the Podfile.lock. Run 'pod install' or update your CocoaPods installation.\" >&2\n    exit 1\nfi\n# This output is used by Xcode 'outputs' to avoid re-running this script phase.\necho \"SUCCESS\" > \"${SCRIPT_OUTPUT_FILE_0}\"\n";
			showEnvVarsInLog = 0;
		};
/* End PBXShellScriptBuildPhase section */

/* Begin PBXSourcesBuildPhase section */
		10849C2C225613C0009FC0F2 /* Sources */ = {
			isa = PBXSourcesBuildPhase;
			buildActionMask = 2147483647;
			files = (
				10849C6F225619BC009FC0F2 /* UsersPresenter.swift in Sources */,
				10849C71225619D2009FC0F2 /* UsersRouter.swift in Sources */,
				10849C36225613C0009FC0F2 /* UsersViewController.swift in Sources */,
				10849C6D225619B2009FC0F2 /* UsersInteractor.swift in Sources */,
				10849C73225619E2009FC0F2 /* UsersProtocol.swift in Sources */,
				10849C34225613C0009FC0F2 /* AppDelegate.swift in Sources */,
				10849C6B225616C4009FC0F2 /* User.swift in Sources */,
			);
			runOnlyForDeploymentPostprocessing = 0;
		};
		10849C40225613C1009FC0F2 /* Sources */ = {
			isa = PBXSourcesBuildPhase;
			buildActionMask = 2147483647;
			files = (
				10849C49225613C1009FC0F2 /* MoyaTests.swift in Sources */,
			);
			runOnlyForDeploymentPostprocessing = 0;
		};
		10849C4B225613C1009FC0F2 /* Sources */ = {
			isa = PBXSourcesBuildPhase;
			buildActionMask = 2147483647;
			files = (
				10849C54225613C1009FC0F2 /* MoyaUITests.swift in Sources */,
			);
			runOnlyForDeploymentPostprocessing = 0;
		};
/* End PBXSourcesBuildPhase section */

/* Begin PBXTargetDependency section */
		10849C46225613C1009FC0F2 /* PBXTargetDependency */ = {
			isa = PBXTargetDependency;
			target = 10849C2F225613C0009FC0F2 /* Moya */;
			targetProxy = 10849C45225613C1009FC0F2 /* PBXContainerItemProxy */;
		};
		10849C51225613C1009FC0F2 /* PBXTargetDependency */ = {
			isa = PBXTargetDependency;
			target = 10849C2F225613C0009FC0F2 /* Moya */;
			targetProxy = 10849C50225613C1009FC0F2 /* PBXContainerItemProxy */;
		};
/* End PBXTargetDependency section */

/* Begin PBXVariantGroup section */
		10849C37225613C0009FC0F2 /* Main.storyboard */ = {
			isa = PBXVariantGroup;
			children = (
				10849C38225613C0009FC0F2 /* Base */,
			);
			name = Main.storyboard;
			sourceTree = "<group>";
		};
		10849C3C225613C1009FC0F2 /* LaunchScreen.storyboard */ = {
			isa = PBXVariantGroup;
			children = (
				10849C3D225613C1009FC0F2 /* Base */,
			);
			name = LaunchScreen.storyboard;
			sourceTree = "<group>";
		};
/* End PBXVariantGroup section */

/* Begin XCBuildConfiguration section */
		10849C56225613C1009FC0F2 /* Debug */ = {
			isa = XCBuildConfiguration;
			buildSettings = {
				ALWAYS_SEARCH_USER_PATHS = NO;
				CLANG_ANALYZER_NONNULL = YES;
				CLANG_ANALYZER_NUMBER_OBJECT_CONVERSION = YES_AGGRESSIVE;
				CLANG_CXX_LANGUAGE_STANDARD = "gnu++14";
				CLANG_CXX_LIBRARY = "libc++";
				CLANG_ENABLE_MODULES = YES;
				CLANG_ENABLE_OBJC_ARC = YES;
				CLANG_ENABLE_OBJC_WEAK = YES;
				CLANG_WARN_BLOCK_CAPTURE_AUTORELEASING = YES;
				CLANG_WARN_BOOL_CONVERSION = YES;
				CLANG_WARN_COMMA = YES;
				CLANG_WARN_CONSTANT_CONVERSION = YES;
				CLANG_WARN_DEPRECATED_OBJC_IMPLEMENTATIONS = YES;
				CLANG_WARN_DIRECT_OBJC_ISA_USAGE = YES_ERROR;
				CLANG_WARN_DOCUMENTATION_COMMENTS = YES;
				CLANG_WARN_EMPTY_BODY = YES;
				CLANG_WARN_ENUM_CONVERSION = YES;
				CLANG_WARN_INFINITE_RECURSION = YES;
				CLANG_WARN_INT_CONVERSION = YES;
				CLANG_WARN_NON_LITERAL_NULL_CONVERSION = YES;
				CLANG_WARN_OBJC_IMPLICIT_RETAIN_SELF = YES;
				CLANG_WARN_OBJC_LITERAL_CONVERSION = YES;
				CLANG_WARN_OBJC_ROOT_CLASS = YES_ERROR;
				CLANG_WARN_RANGE_LOOP_ANALYSIS = YES;
				CLANG_WARN_STRICT_PROTOTYPES = YES;
				CLANG_WARN_SUSPICIOUS_MOVE = YES;
				CLANG_WARN_UNGUARDED_AVAILABILITY = YES_AGGRESSIVE;
				CLANG_WARN_UNREACHABLE_CODE = YES;
				CLANG_WARN__DUPLICATE_METHOD_MATCH = YES;
				CODE_SIGN_IDENTITY = "iPhone Developer";
				COPY_PHASE_STRIP = NO;
				DEBUG_INFORMATION_FORMAT = dwarf;
				ENABLE_STRICT_OBJC_MSGSEND = YES;
				ENABLE_TESTABILITY = YES;
				GCC_C_LANGUAGE_STANDARD = gnu11;
				GCC_DYNAMIC_NO_PIC = NO;
				GCC_NO_COMMON_BLOCKS = YES;
				GCC_OPTIMIZATION_LEVEL = 0;
				GCC_PREPROCESSOR_DEFINITIONS = (
					"DEBUG=1",
					"$(inherited)",
				);
				GCC_WARN_64_TO_32_BIT_CONVERSION = YES;
				GCC_WARN_ABOUT_RETURN_TYPE = YES_ERROR;
				GCC_WARN_UNDECLARED_SELECTOR = YES;
				GCC_WARN_UNINITIALIZED_AUTOS = YES_AGGRESSIVE;
				GCC_WARN_UNUSED_FUNCTION = YES;
				GCC_WARN_UNUSED_VARIABLE = YES;
				IPHONEOS_DEPLOYMENT_TARGET = 12.2;
				MTL_ENABLE_DEBUG_INFO = INCLUDE_SOURCE;
				MTL_FAST_MATH = YES;
				ONLY_ACTIVE_ARCH = YES;
				SDKROOT = iphoneos;
				SWIFT_ACTIVE_COMPILATION_CONDITIONS = DEBUG;
				SWIFT_OPTIMIZATION_LEVEL = "-Onone";
			};
			name = Debug;
		};
		10849C57225613C1009FC0F2 /* Release */ = {
			isa = XCBuildConfiguration;
			buildSettings = {
				ALWAYS_SEARCH_USER_PATHS = NO;
				CLANG_ANALYZER_NONNULL = YES;
				CLANG_ANALYZER_NUMBER_OBJECT_CONVERSION = YES_AGGRESSIVE;
				CLANG_CXX_LANGUAGE_STANDARD = "gnu++14";
				CLANG_CXX_LIBRARY = "libc++";
				CLANG_ENABLE_MODULES = YES;
				CLANG_ENABLE_OBJC_ARC = YES;
				CLANG_ENABLE_OBJC_WEAK = YES;
				CLANG_WARN_BLOCK_CAPTURE_AUTORELEASING = YES;
				CLANG_WARN_BOOL_CONVERSION = YES;
				CLANG_WARN_COMMA = YES;
				CLANG_WARN_CONSTANT_CONVERSION = YES;
				CLANG_WARN_DEPRECATED_OBJC_IMPLEMENTATIONS = YES;
				CLANG_WARN_DIRECT_OBJC_ISA_USAGE = YES_ERROR;
				CLANG_WARN_DOCUMENTATION_COMMENTS = YES;
				CLANG_WARN_EMPTY_BODY = YES;
				CLANG_WARN_ENUM_CONVERSION = YES;
				CLANG_WARN_INFINITE_RECURSION = YES;
				CLANG_WARN_INT_CONVERSION = YES;
				CLANG_WARN_NON_LITERAL_NULL_CONVERSION = YES;
				CLANG_WARN_OBJC_IMPLICIT_RETAIN_SELF = YES;
				CLANG_WARN_OBJC_LITERAL_CONVERSION = YES;
				CLANG_WARN_OBJC_ROOT_CLASS = YES_ERROR;
				CLANG_WARN_RANGE_LOOP_ANALYSIS = YES;
				CLANG_WARN_STRICT_PROTOTYPES = YES;
				CLANG_WARN_SUSPICIOUS_MOVE = YES;
				CLANG_WARN_UNGUARDED_AVAILABILITY = YES_AGGRESSIVE;
				CLANG_WARN_UNREACHABLE_CODE = YES;
				CLANG_WARN__DUPLICATE_METHOD_MATCH = YES;
				CODE_SIGN_IDENTITY = "iPhone Developer";
				COPY_PHASE_STRIP = NO;
				DEBUG_INFORMATION_FORMAT = "dwarf-with-dsym";
				ENABLE_NS_ASSERTIONS = NO;
				ENABLE_STRICT_OBJC_MSGSEND = YES;
				GCC_C_LANGUAGE_STANDARD = gnu11;
				GCC_NO_COMMON_BLOCKS = YES;
				GCC_WARN_64_TO_32_BIT_CONVERSION = YES;
				GCC_WARN_ABOUT_RETURN_TYPE = YES_ERROR;
				GCC_WARN_UNDECLARED_SELECTOR = YES;
				GCC_WARN_UNINITIALIZED_AUTOS = YES_AGGRESSIVE;
				GCC_WARN_UNUSED_FUNCTION = YES;
				GCC_WARN_UNUSED_VARIABLE = YES;
				IPHONEOS_DEPLOYMENT_TARGET = 12.2;
				MTL_ENABLE_DEBUG_INFO = NO;
				MTL_FAST_MATH = YES;
				SDKROOT = iphoneos;
				SWIFT_COMPILATION_MODE = wholemodule;
				SWIFT_OPTIMIZATION_LEVEL = "-O";
				VALIDATE_PRODUCT = YES;
			};
			name = Release;
		};
		10849C59225613C1009FC0F2 /* Debug */ = {
			isa = XCBuildConfiguration;
			baseConfigurationReference = 8CCE7CD43909103374D2D8FC /* Pods-Moya.debug.xcconfig */;
			buildSettings = {
				ASSETCATALOG_COMPILER_APPICON_NAME = AppIcon;
				CODE_SIGN_STYLE = Automatic;
				DEVELOPMENT_TEAM = ES5YG98Z24;
				INFOPLIST_FILE = Moya/Info.plist;
				LD_RUNPATH_SEARCH_PATHS = (
					"$(inherited)",
					"@executable_path/Frameworks",
				);
				PRODUCT_BUNDLE_IDENTIFIER = com.junkie.Moya;
				PRODUCT_NAME = "$(TARGET_NAME)";
				SWIFT_VERSION = 5.0;
				TARGETED_DEVICE_FAMILY = "1,2";
			};
			name = Debug;
		};
		10849C5A225613C1009FC0F2 /* Release */ = {
			isa = XCBuildConfiguration;
			baseConfigurationReference = 1DE90DBDE1F74FB588684DC8 /* Pods-Moya.release.xcconfig */;
			buildSettings = {
				ASSETCATALOG_COMPILER_APPICON_NAME = AppIcon;
				CODE_SIGN_STYLE = Automatic;
				DEVELOPMENT_TEAM = ES5YG98Z24;
				INFOPLIST_FILE = Moya/Info.plist;
				LD_RUNPATH_SEARCH_PATHS = (
					"$(inherited)",
					"@executable_path/Frameworks",
				);
				PRODUCT_BUNDLE_IDENTIFIER = com.junkie.Moya;
				PRODUCT_NAME = "$(TARGET_NAME)";
				SWIFT_VERSION = 5.0;
				TARGETED_DEVICE_FAMILY = "1,2";
			};
			name = Release;
		};
		10849C5C225613C1009FC0F2 /* Debug */ = {
			isa = XCBuildConfiguration;
			baseConfigurationReference = 395127E3B1F0F6C0BFA421B8 /* Pods-MoyaTests.debug.xcconfig */;
			buildSettings = {
				ALWAYS_EMBED_SWIFT_STANDARD_LIBRARIES = YES;
				BUNDLE_LOADER = "$(TEST_HOST)";
				CODE_SIGN_STYLE = Automatic;
				DEVELOPMENT_TEAM = ES5YG98Z24;
				INFOPLIST_FILE = MoyaTests/Info.plist;
				LD_RUNPATH_SEARCH_PATHS = (
					"$(inherited)",
					"@executable_path/Frameworks",
					"@loader_path/Frameworks",
				);
				PRODUCT_BUNDLE_IDENTIFIER = com.junkie.MoyaTests;
				PRODUCT_NAME = "$(TARGET_NAME)";
				SWIFT_VERSION = 5.0;
				TARGETED_DEVICE_FAMILY = "1,2";
				TEST_HOST = "$(BUILT_PRODUCTS_DIR)/Moya.app/Moya";
			};
			name = Debug;
		};
		10849C5D225613C1009FC0F2 /* Release */ = {
			isa = XCBuildConfiguration;
			baseConfigurationReference = 446A1F40DC1DD7D457B802E5 /* Pods-MoyaTests.release.xcconfig */;
			buildSettings = {
				ALWAYS_EMBED_SWIFT_STANDARD_LIBRARIES = YES;
				BUNDLE_LOADER = "$(TEST_HOST)";
				CODE_SIGN_STYLE = Automatic;
				DEVELOPMENT_TEAM = ES5YG98Z24;
				INFOPLIST_FILE = MoyaTests/Info.plist;
				LD_RUNPATH_SEARCH_PATHS = (
					"$(inherited)",
					"@executable_path/Frameworks",
					"@loader_path/Frameworks",
				);
				PRODUCT_BUNDLE_IDENTIFIER = com.junkie.MoyaTests;
				PRODUCT_NAME = "$(TARGET_NAME)";
				SWIFT_VERSION = 5.0;
				TARGETED_DEVICE_FAMILY = "1,2";
				TEST_HOST = "$(BUILT_PRODUCTS_DIR)/Moya.app/Moya";
			};
			name = Release;
		};
		10849C5F225613C1009FC0F2 /* Debug */ = {
			isa = XCBuildConfiguration;
			baseConfigurationReference = DEE4E7D55D14E6DA2057CDC8 /* Pods-MoyaUITests.debug.xcconfig */;
			buildSettings = {
				ALWAYS_EMBED_SWIFT_STANDARD_LIBRARIES = YES;
				CODE_SIGN_STYLE = Automatic;
				DEVELOPMENT_TEAM = ES5YG98Z24;
				INFOPLIST_FILE = MoyaUITests/Info.plist;
				LD_RUNPATH_SEARCH_PATHS = (
					"$(inherited)",
					"@executable_path/Frameworks",
					"@loader_path/Frameworks",
				);
				PRODUCT_BUNDLE_IDENTIFIER = com.junkie.MoyaUITests;
				PRODUCT_NAME = "$(TARGET_NAME)";
				SWIFT_VERSION = 5.0;
				TARGETED_DEVICE_FAMILY = "1,2";
				TEST_TARGET_NAME = Moya;
			};
			name = Debug;
		};
		10849C60225613C1009FC0F2 /* Release */ = {
			isa = XCBuildConfiguration;
			baseConfigurationReference = 89127ADACB377DF28AFC9FAE /* Pods-MoyaUITests.release.xcconfig */;
			buildSettings = {
				ALWAYS_EMBED_SWIFT_STANDARD_LIBRARIES = YES;
				CODE_SIGN_STYLE = Automatic;
				DEVELOPMENT_TEAM = ES5YG98Z24;
				INFOPLIST_FILE = MoyaUITests/Info.plist;
				LD_RUNPATH_SEARCH_PATHS = (
					"$(inherited)",
					"@executable_path/Frameworks",
					"@loader_path/Frameworks",
				);
				PRODUCT_BUNDLE_IDENTIFIER = com.junkie.MoyaUITests;
				PRODUCT_NAME = "$(TARGET_NAME)";
				SWIFT_VERSION = 5.0;
				TARGETED_DEVICE_FAMILY = "1,2";
				TEST_TARGET_NAME = Moya;
			};
			name = Release;
		};
/* End XCBuildConfiguration section */

/* Begin XCConfigurationList section */
		10849C2B225613BF009FC0F2 /* Build configuration list for PBXProject "Moya" */ = {
			isa = XCConfigurationList;
			buildConfigurations = (
				10849C56225613C1009FC0F2 /* Debug */,
				10849C57225613C1009FC0F2 /* Release */,
			);
			defaultConfigurationIsVisible = 0;
			defaultConfigurationName = Release;
		};
		10849C58225613C1009FC0F2 /* Build configuration list for PBXNativeTarget "Moya" */ = {
			isa = XCConfigurationList;
			buildConfigurations = (
				10849C59225613C1009FC0F2 /* Debug */,
				10849C5A225613C1009FC0F2 /* Release */,
			);
			defaultConfigurationIsVisible = 0;
			defaultConfigurationName = Release;
		};
		10849C5B225613C1009FC0F2 /* Build configuration list for PBXNativeTarget "MoyaTests" */ = {
			isa = XCConfigurationList;
			buildConfigurations = (
				10849C5C225613C1009FC0F2 /* Debug */,
				10849C5D225613C1009FC0F2 /* Release */,
			);
			defaultConfigurationIsVisible = 0;
			defaultConfigurationName = Release;
		};
		10849C5E225613C1009FC0F2 /* Build configuration list for PBXNativeTarget "MoyaUITests" */ = {
			isa = XCConfigurationList;
			buildConfigurations = (
				10849C5F225613C1009FC0F2 /* Debug */,
				10849C60225613C1009FC0F2 /* Release */,
			);
			defaultConfigurationIsVisible = 0;
			defaultConfigurationName = Release;
		};
/* End XCConfigurationList section */
	};
	rootObject = 10849C28225613BF009FC0F2 /* Project object */;
}
